
Microsoft Visual Studio Solution File, Format Version 12.00
# Visual Studio 14
VisualStudioVersion = 14.0.25420.1
MinimumVisualStudioVersion = 10.0.40219.1
Project("{FAE04EC0-301F-11D3-BF4B-00C04F79EFBC}") = "RequestSenderInterface", "Framework\RequestSenderInterface\RequestSenderInterface.csproj", "{159891C1-37A6-4AF6-8723-6B15D0D200D7}"
EndProject
Project("{FAE04EC0-301F-11D3-BF4B-00C04F79EFBC}") = "LoadDriverLib", "Framework\LoadDriverLib\LoadDriverLib.csproj", "{61BD003D-4023-4512-B791-1FA925C2962F}"
EndProject
Project("{FAE04EC0-301F-11D3-BF4B-00C04F79EFBC}") = "ServiceFabricRequestSender", "ServiceFabric\RequestSender\ServiceFabricRequestSender.csproj", "{979BFD86-06D2-4112-BE43-F1567A58D544}"
EndProject
Project("{FAE04EC0-301F-11D3-BF4B-00C04F79EFBC}") = "ServiceLoadTestClient", "Framework\TestClient\ServiceLoadTestClient.csproj", "{B6EFF2CB-C89D-4823-82BD-A99797428340}"
EndProject
Project("{A07B5EB6-E848-4116-A8D0-A826331D98C6}") = "LoadDriverApplication", "Framework\LoadDriverApplication\LoadDriverApplication.sfproj", "{9F53C74F-2551-4EC6-909F-7F1DB0CE7E75}"
EndProject
Project("{FAE04EC0-301F-11D3-BF4B-00C04F79EFBC}") = "LoadDriverService", "Framework\LoadDriverService\LoadDriverService.csproj", "{619D109A-C0B7-4F89-B6F8-101B3CDF9636}"
EndProject
Project("{FAE04EC0-301F-11D3-BF4B-00C04F79EFBC}") = "LoadDriverServiceInterface", "Framework\LoadDriverServiceInterface\LoadDriverServiceInterface.csproj", "{602CB0AB-E030-463A-9149-EAB1796492B1}"
EndProject
Project("{FAE04EC0-301F-11D3-BF4B-00C04F79EFBC}") = "ServiceLoadTestUtilities", "Utilities\ServiceLoadTestUtilities.csproj", "{3727E6CD-37D7-4F91-8E95-D7B7C7833BB2}"
EndProject
Project("{FAE04EC0-301F-11D3-BF4B-00C04F79EFBC}") = "SimulatorRequestSender", "ServiceSimulator\SimulatorRequestSender.csproj", "{9215E653-7EB3-416D-A543-B19AC03C871A}"
EndProject
Project("{FAE04EC0-301F-11D3-BF4B-00C04F79EFBC}") = "SFDictionaryRequestSender", "ServiceFabric\Dictionary\RequestSender\SFDictionaryRequestSender.csproj", "{885647AF-C672-4449-B011-EFBD81414379}"
EndProject
Project("{A07B5EB6-E848-4116-A8D0-A826331D98C6}") = "SFDictionaryApplication", "ServiceFabric\Dictionary\SFDictionaryApplication\SFDictionaryApplication.sfproj", "{F0AB58B5-A2CE-47A4-B8A2-5A8004F3F230}"
EndProject
Project("{FAE04EC0-301F-11D3-BF4B-00C04F79EFBC}") = "SFDictionaryService", "ServiceFabric\Dictionary\SFDictionaryService\SFDictionaryService.csproj", "{F38D96D9-389B-4CE9-A1AC-BB1D406FAA87}"
EndProject
Project("{FAE04EC0-301F-11D3-BF4B-00C04F79EFBC}") = "SFDictionaryInterface", "ServiceFabric\Dictionary\SFDictionaryInterface\SFDictionaryInterface.csproj", "{53BF3D10-B97E-4C02-A32C-F66E655957C2}"
EndProject
Project("{A07B5EB6-E848-4116-A8D0-A826331D98C6}") = "SFActorApplication", "ServiceFabric\Actor\SFActorApplication\SFActorApplication.sfproj", "{C3848277-2DA2-4643-AC75-F93071F1C87D}"
EndProject
Project("{FAE04EC0-301F-11D3-BF4B-00C04F79EFBC}") = "SFActor", "ServiceFabric\Actor\SFActor\SFActor.csproj", "{962A31EF-111A-4C2A-A247-8FB10C658899}"
EndProject
Project("{FAE04EC0-301F-11D3-BF4B-00C04F79EFBC}") = "SFActorInterface", "ServiceFabric\Actor\SFActorInterface\SFActorInterface.csproj", "{84416AC9-DE3F-413D-A9EC-35A1EDB4DE4A}"
EndProject
Project("{FAE04EC0-301F-11D3-BF4B-00C04F79EFBC}") = "SFActorRequestSender", "ServiceFabric\Actor\RequestSender\SFActorRequestSender.csproj", "{6EB31E04-71ED-4073-BF2B-11CD6CA3E7B3}"
EndProject
Global
	GlobalSection(SolutionConfigurationPlatforms) = preSolution
		Debug|x64 = Debug|x64
		Release|x64 = Release|x64
	EndGlobalSection
	GlobalSection(ProjectConfigurationPlatforms) = postSolution
		{159891C1-37A6-4AF6-8723-6B15D0D200D7}.Debug|x64.ActiveCfg = Debug|x64
		{159891C1-37A6-4AF6-8723-6B15D0D200D7}.Debug|x64.Build.0 = Debug|x64
		{159891C1-37A6-4AF6-8723-6B15D0D200D7}.Release|x64.ActiveCfg = Release|x64
		{159891C1-37A6-4AF6-8723-6B15D0D200D7}.Release|x64.Build.0 = Release|x64
		{61BD003D-4023-4512-B791-1FA925C2962F}.Debug|x64.ActiveCfg = Debug|x64
		{61BD003D-4023-4512-B791-1FA925C2962F}.Debug|x64.Build.0 = Debug|x64
		{61BD003D-4023-4512-B791-1FA925C2962F}.Release|x64.ActiveCfg = Release|x64
		{61BD003D-4023-4512-B791-1FA925C2962F}.Release|x64.Build.0 = Release|x64
		{979BFD86-06D2-4112-BE43-F1567A58D544}.Debug|x64.ActiveCfg = Debug|x64
		{979BFD86-06D2-4112-BE43-F1567A58D544}.Debug|x64.Build.0 = Debug|x64
		{979BFD86-06D2-4112-BE43-F1567A58D544}.Release|x64.ActiveCfg = Release|x64
		{979BFD86-06D2-4112-BE43-F1567A58D544}.Release|x64.Build.0 = Release|x64
		{B6EFF2CB-C89D-4823-82BD-A99797428340}.Debug|x64.ActiveCfg = Debug|x64
		{B6EFF2CB-C89D-4823-82BD-A99797428340}.Debug|x64.Build.0 = Debug|x64
		{B6EFF2CB-C89D-4823-82BD-A99797428340}.Release|x64.ActiveCfg = Release|x64
		{B6EFF2CB-C89D-4823-82BD-A99797428340}.Release|x64.Build.0 = Release|x64
		{9F53C74F-2551-4EC6-909F-7F1DB0CE7E75}.Debug|x64.ActiveCfg = Debug|x64
		{9F53C74F-2551-4EC6-909F-7F1DB0CE7E75}.Debug|x64.Build.0 = Debug|x64
		{9F53C74F-2551-4EC6-909F-7F1DB0CE7E75}.Debug|x64.Deploy.0 = Debug|x64
		{9F53C74F-2551-4EC6-909F-7F1DB0CE7E75}.Release|x64.ActiveCfg = Release|x64
		{9F53C74F-2551-4EC6-909F-7F1DB0CE7E75}.Release|x64.Build.0 = Release|x64
		{9F53C74F-2551-4EC6-909F-7F1DB0CE7E75}.Release|x64.Deploy.0 = Release|x64
		{619D109A-C0B7-4F89-B6F8-101B3CDF9636}.Debug|x64.ActiveCfg = Debug|x64
		{619D109A-C0B7-4F89-B6F8-101B3CDF9636}.Debug|x64.Build.0 = Debug|x64
		{619D109A-C0B7-4F89-B6F8-101B3CDF9636}.Release|x64.ActiveCfg = Release|x64
		{619D109A-C0B7-4F89-B6F8-101B3CDF9636}.Release|x64.Build.0 = Release|x64
		{602CB0AB-E030-463A-9149-EAB1796492B1}.Debug|x64.ActiveCfg = Debug|x64
		{602CB0AB-E030-463A-9149-EAB1796492B1}.Debug|x64.Build.0 = Debug|x64
		{602CB0AB-E030-463A-9149-EAB1796492B1}.Release|x64.ActiveCfg = Release|x64
		{602CB0AB-E030-463A-9149-EAB1796492B1}.Release|x64.Build.0 = Release|x64
		{3727E6CD-37D7-4F91-8E95-D7B7C7833BB2}.Debug|x64.ActiveCfg = Debug|x64
		{3727E6CD-37D7-4F91-8E95-D7B7C7833BB2}.Debug|x64.Build.0 = Debug|x64
		{3727E6CD-37D7-4F91-8E95-D7B7C7833BB2}.Release|x64.ActiveCfg = Release|x64
		{3727E6CD-37D7-4F91-8E95-D7B7C7833BB2}.Release|x64.Build.0 = Release|x64
		{9215E653-7EB3-416D-A543-B19AC03C871A}.Debug|x64.ActiveCfg = Debug|x64
		{9215E653-7EB3-416D-A543-B19AC03C871A}.Debug|x64.Build.0 = Debug|x64
		{9215E653-7EB3-416D-A543-B19AC03C871A}.Release|x64.ActiveCfg = Release|x64
		{9215E653-7EB3-416D-A543-B19AC03C871A}.Release|x64.Build.0 = Release|x64
		{885647AF-C672-4449-B011-EFBD81414379}.Debug|x64.ActiveCfg = Debug|x64
		{885647AF-C672-4449-B011-EFBD81414379}.Debug|x64.Build.0 = Debug|x64
		{885647AF-C672-4449-B011-EFBD81414379}.Release|x64.ActiveCfg = Release|x64
		{885647AF-C672-4449-B011-EFBD81414379}.Release|x64.Build.0 = Release|x64
		{F0AB58B5-A2CE-47A4-B8A2-5A8004F3F230}.Debug|x64.ActiveCfg = Debug|x64
		{F0AB58B5-A2CE-47A4-B8A2-5A8004F3F230}.Debug|x64.Build.0 = Debug|x64
		{F0AB58B5-A2CE-47A4-B8A2-5A8004F3F230}.Debug|x64.Deploy.0 = Debug|x64
		{F0AB58B5-A2CE-47A4-B8A2-5A8004F3F230}.Release|x64.ActiveCfg = Release|x64
		{F0AB58B5-A2CE-47A4-B8A2-5A8004F3F230}.Release|x64.Build.0 = Release|x64
		{F0AB58B5-A2CE-47A4-B8A2-5A8004F3F230}.Release|x64.Deploy.0 = Release|x64
		{F38D96D9-389B-4CE9-A1AC-BB1D406FAA87}.Debug|x64.ActiveCfg = Debug|x64
		{F38D96D9-389B-4CE9-A1AC-BB1D406FAA87}.Debug|x64.Build.0 = Debug|x64
		{F38D96D9-389B-4CE9-A1AC-BB1D406FAA87}.Release|x64.ActiveCfg = Release|x64
		{F38D96D9-389B-4CE9-A1AC-BB1D406FAA87}.Release|x64.Build.0 = Release|x64
		{53BF3D10-B97E-4C02-A32C-F66E655957C2}.Debug|x64.ActiveCfg = Debug|x64
		{53BF3D10-B97E-4C02-A32C-F66E655957C2}.Debug|x64.Build.0 = Debug|x64
		{53BF3D10-B97E-4C02-A32C-F66E655957C2}.Release|x64.ActiveCfg = Release|x64
		{53BF3D10-B97E-4C02-A32C-F66E655957C2}.Release|x64.Build.0 = Release|x64
		{C3848277-2DA2-4643-AC75-F93071F1C87D}.Debug|x64.ActiveCfg = Debug|x64
		{C3848277-2DA2-4643-AC75-F93071F1C87D}.Debug|x64.Build.0 = Debug|x64
		{C3848277-2DA2-4643-AC75-F93071F1C87D}.Debug|x64.Deploy.0 = Debug|x64
		{C3848277-2DA2-4643-AC75-F93071F1C87D}.Release|x64.ActiveCfg = Release|x64
		{C3848277-2DA2-4643-AC75-F93071F1C87D}.Release|x64.Build.0 = Release|x64
		{C3848277-2DA2-4643-AC75-F93071F1C87D}.Release|x64.Deploy.0 = Release|x64
		{962A31EF-111A-4C2A-A247-8FB10C658899}.Debug|x64.ActiveCfg = Debug|x64
		{962A31EF-111A-4C2A-A247-8FB10C658899}.Debug|x64.Build.0 = Debug|x64
		{962A31EF-111A-4C2A-A247-8FB10C658899}.Release|x64.ActiveCfg = Release|x64
		{962A31EF-111A-4C2A-A247-8FB10C658899}.Release|x64.Build.0 = Release|x64
		{84416AC9-DE3F-413D-A9EC-35A1EDB4DE4A}.Debug|x64.ActiveCfg = Debug|x64
		{84416AC9-DE3F-413D-A9EC-35A1EDB4DE4A}.Debug|x64.Build.0 = Debug|x64
		{84416AC9-DE3F-413D-A9EC-35A1EDB4DE4A}.Release|x64.ActiveCfg = Release|x64
		{84416AC9-DE3F-413D-A9EC-35A1EDB4DE4A}.Release|x64.Build.0 = Release|x64
		{6EB31E04-71ED-4073-BF2B-11CD6CA3E7B3}.Debug|x64.ActiveCfg = Debug|x64
		{6EB31E04-71ED-4073-BF2B-11CD6CA3E7B3}.Debug|x64.Build.0 = Debug|x64
		{6EB31E04-71ED-4073-BF2B-11CD6CA3E7B3}.Release|x64.ActiveCfg = Release|x64
		{6EB31E04-71ED-4073-BF2B-11CD6CA3E7B3}.Release|x64.Build.0 = Release|x64
	EndGlobalSection
	GlobalSection(SolutionProperties) = preSolution
		HideSolutionNode = FALSE
	EndGlobalSection
EndGlobal
